
Microsoft Visual Studio Solution File, Format Version 12.00
# Visual Studio Version 17
VisualStudioVersion = 17.8.34219.65
MinimumVisualStudioVersion = 10.0.40219.1
Project("{2150E333-8FDC-42A3-9474-1A3956D46DE8}") = "Source", "Source", "{C34101ED-611E-42C9-BD89-8C4661D0EC0D}"
EndProject
Project("{2150E333-8FDC-42A3-9474-1A3956D46DE8}") = "Platforms", "Platforms", "{64C47674-F6AB-405B-A320-1294F91E9381}"
EndProject
Project("{9A19103F-16F7-4668-BE54-9A1E7A4F7556}") = "RoMi", "RoMi\RoMi\RoMi.csproj", "{972682D1-649B-44B9-BFDF-84D0BB022675}"
EndProject
Project("{9A19103F-16F7-4668-BE54-9A1E7A4F7556}") = "RoMi.Base", "RoMi\RoMi.Base\RoMi.Base.csproj", "{0B6A0CF9-4EED-4951-88AE-2430B2BF3797}"
EndProject
Project("{9A19103F-16F7-4668-BE54-9A1E7A4F7556}") = "RoMi.Mobile", "RoMi\RoMi.Mobile\RoMi.Mobile.csproj", "{B362D9D6-7EEF-418C-BB21-DBBD30C61450}"
EndProject
Project("{9A19103F-16F7-4668-BE54-9A1E7A4F7556}") = "RoMi.Windows", "RoMi\RoMi.Windows\RoMi.Windows.csproj", "{F3A2D10C-9F57-4259-A600-765853737176}"
EndProject
Project("{9A19103F-16F7-4668-BE54-9A1E7A4F7556}") = "RoMi.Skia.Linux.FrameBuffer", "RoMi\RoMi.Skia.Linux.FrameBuffer\RoMi.Skia.Linux.FrameBuffer.csproj", "{ADEE798F-8304-4A7E-9638-9EA1BA2DC2D2}"
EndProject
Project("{2150E333-8FDC-42A3-9474-1A3956D46DE8}") = "Solution Items", "Solution Items", "{E0918FAF-98FA-4A0F-BEF1-82F3D6880567}"
	ProjectSection(SolutionItems) = preProject
		RoMi\.gitignore = RoMi\.gitignore
		RoMi\Directory.Build.props = RoMi\Directory.Build.props
		RoMi\Directory.Build.targets = RoMi\Directory.Build.targets
		RoMi\Directory.Packages.props = RoMi\Directory.Packages.props
	EndProjectSection
EndProject
Global
	GlobalSection(SolutionConfigurationPlatforms) = preSolution
		Debug|Any CPU = Debug|Any CPU
		Debug|arm64 = Debug|arm64
		Debug|x64 = Debug|x64
		Debug|x86 = Debug|x86
		Release|Any CPU = Release|Any CPU
		Release|arm64 = Release|arm64
		Release|x64 = Release|x64
		Release|x86 = Release|x86
	EndGlobalSection
	GlobalSection(ProjectConfigurationPlatforms) = postSolution
		{972682D1-649B-44B9-BFDF-84D0BB022675}.Debug|Any CPU.ActiveCfg = Debug|Any CPU
		{972682D1-649B-44B9-BFDF-84D0BB022675}.Debug|Any CPU.Build.0 = Debug|Any CPU
		{972682D1-649B-44B9-BFDF-84D0BB022675}.Debug|arm64.ActiveCfg = Debug|Any CPU
		{972682D1-649B-44B9-BFDF-84D0BB022675}.Debug|arm64.Build.0 = Debug|Any CPU
		{972682D1-649B-44B9-BFDF-84D0BB022675}.Debug|x64.ActiveCfg = Debug|Any CPU
		{972682D1-649B-44B9-BFDF-84D0BB022675}.Debug|x64.Build.0 = Debug|Any CPU
		{972682D1-649B-44B9-BFDF-84D0BB022675}.Debug|x86.ActiveCfg = Debug|Any CPU
		{972682D1-649B-44B9-BFDF-84D0BB022675}.Debug|x86.Build.0 = Debug|Any CPU
		{972682D1-649B-44B9-BFDF-84D0BB022675}.Release|Any CPU.ActiveCfg = Release|Any CPU
		{972682D1-649B-44B9-BFDF-84D0BB022675}.Release|Any CPU.Build.0 = Release|Any CPU
		{972682D1-649B-44B9-BFDF-84D0BB022675}.Release|arm64.ActiveCfg = Release|Any CPU
		{972682D1-649B-44B9-BFDF-84D0BB022675}.Release|arm64.Build.0 = Release|Any CPU
		{972682D1-649B-44B9-BFDF-84D0BB022675}.Release|x64.ActiveCfg = Release|Any CPU
		{972682D1-649B-44B9-BFDF-84D0BB022675}.Release|x64.Build.0 = Release|Any CPU
		{972682D1-649B-44B9-BFDF-84D0BB022675}.Release|x86.ActiveCfg = Release|Any CPU
		{972682D1-649B-44B9-BFDF-84D0BB022675}.Release|x86.Build.0 = Release|Any CPU
		{0B6A0CF9-4EED-4951-88AE-2430B2BF3797}.Debug|Any CPU.ActiveCfg = Debug|Any CPU
		{0B6A0CF9-4EED-4951-88AE-2430B2BF3797}.Debug|Any CPU.Build.0 = Debug|Any CPU
		{0B6A0CF9-4EED-4951-88AE-2430B2BF3797}.Debug|arm64.ActiveCfg = Debug|Any CPU
		{0B6A0CF9-4EED-4951-88AE-2430B2BF3797}.Debug|arm64.Build.0 = Debug|Any CPU
		{0B6A0CF9-4EED-4951-88AE-2430B2BF3797}.Debug|x64.ActiveCfg = Debug|Any CPU
		{0B6A0CF9-4EED-4951-88AE-2430B2BF3797}.Debug|x64.Build.0 = Debug|Any CPU
		{0B6A0CF9-4EED-4951-88AE-2430B2BF3797}.Debug|x86.ActiveCfg = Debug|Any CPU
		{0B6A0CF9-4EED-4951-88AE-2430B2BF3797}.Debug|x86.Build.0 = Debug|Any CPU
		{0B6A0CF9-4EED-4951-88AE-2430B2BF3797}.Release|Any CPU.ActiveCfg = Release|Any CPU
		{0B6A0CF9-4EED-4951-88AE-2430B2BF3797}.Release|Any CPU.Build.0 = Release|Any CPU
		{0B6A0CF9-4EED-4951-88AE-2430B2BF3797}.Release|arm64.ActiveCfg = Release|Any CPU
		{0B6A0CF9-4EED-4951-88AE-2430B2BF3797}.Release|arm64.Build.0 = Release|Any CPU
		{0B6A0CF9-4EED-4951-88AE-2430B2BF3797}.Release|x64.ActiveCfg = Release|Any CPU
		{0B6A0CF9-4EED-4951-88AE-2430B2BF3797}.Release|x64.Build.0 = Release|Any CPU
		{0B6A0CF9-4EED-4951-88AE-2430B2BF3797}.Release|x86.ActiveCfg = Release|Any CPU
		{0B6A0CF9-4EED-4951-88AE-2430B2BF3797}.Release|x86.Build.0 = Release|Any CPU
		{B362D9D6-7EEF-418C-BB21-DBBD30C61450}.Debug|Any CPU.ActiveCfg = Debug|Any CPU
		{B362D9D6-7EEF-418C-BB21-DBBD30C61450}.Debug|Any CPU.Build.0 = Debug|Any CPU
		{B362D9D6-7EEF-418C-BB21-DBBD30C61450}.Debug|Any CPU.Deploy.0 = Debug|Any CPU
		{B362D9D6-7EEF-418C-BB21-DBBD30C61450}.Debug|arm64.ActiveCfg = Debug|Any CPU
		{B362D9D6-7EEF-418C-BB21-DBBD30C61450}.Debug|arm64.Build.0 = Debug|Any CPU
		{B362D9D6-7EEF-418C-BB21-DBBD30C61450}.Debug|arm64.Deploy.0 = Debug|Any CPU
		{B362D9D6-7EEF-418C-BB21-DBBD30C61450}.Debug|x64.ActiveCfg = Debug|Any CPU
		{B362D9D6-7EEF-418C-BB21-DBBD30C61450}.Debug|x64.Build.0 = Debug|Any CPU
		{B362D9D6-7EEF-418C-BB21-DBBD30C61450}.Debug|x64.Deploy.0 = Debug|Any CPU
		{B362D9D6-7EEF-418C-BB21-DBBD30C61450}.Debug|x86.ActiveCfg = Debug|Any CPU
		{B362D9D6-7EEF-418C-BB21-DBBD30C61450}.Debug|x86.Build.0 = Debug|Any CPU
		{B362D9D6-7EEF-418C-BB21-DBBD30C61450}.Debug|x86.Deploy.0 = Debug|Any CPU
		{B362D9D6-7EEF-418C-BB21-DBBD30C61450}.Release|Any CPU.ActiveCfg = Release|Any CPU
		{B362D9D6-7EEF-418C-BB21-DBBD30C61450}.Release|Any CPU.Build.0 = Release|Any CPU
		{B362D9D6-7EEF-418C-BB21-DBBD30C61450}.Release|Any CPU.Deploy.0 = Release|Any CPU
		{B362D9D6-7EEF-418C-BB21-DBBD30C61450}.Release|arm64.ActiveCfg = Release|Any CPU
		{B362D9D6-7EEF-418C-BB21-DBBD30C61450}.Release|arm64.Build.0 = Release|Any CPU
		{B362D9D6-7EEF-418C-BB21-DBBD30C61450}.Release|arm64.Deploy.0 = Release|Any CPU
		{B362D9D6-7EEF-418C-BB21-DBBD30C61450}.Release|x64.ActiveCfg = Release|Any CPU
		{B362D9D6-7EEF-418C-BB21-DBBD30C61450}.Release|x64.Build.0 = Release|Any CPU
		{B362D9D6-7EEF-418C-BB21-DBBD30C61450}.Release|x64.Deploy.0 = Release|Any CPU
		{B362D9D6-7EEF-418C-BB21-DBBD30C61450}.Release|x86.ActiveCfg = Release|Any CPU
		{B362D9D6-7EEF-418C-BB21-DBBD30C61450}.Release|x86.Build.0 = Release|Any CPU
		{B362D9D6-7EEF-418C-BB21-DBBD30C61450}.Release|x86.Deploy.0 = Release|Any CPU
		{F3A2D10C-9F57-4259-A600-765853737176}.Debug|Any CPU.ActiveCfg = Debug|x64
		{F3A2D10C-9F57-4259-A600-765853737176}.Debug|Any CPU.Build.0 = Debug|x64
		{F3A2D10C-9F57-4259-A600-765853737176}.Debug|Any CPU.Deploy.0 = Debug|x64
		{F3A2D10C-9F57-4259-A600-765853737176}.Debug|arm64.ActiveCfg = Debug|arm64
		{F3A2D10C-9F57-4259-A600-765853737176}.Debug|arm64.Build.0 = Debug|arm64
		{F3A2D10C-9F57-4259-A600-765853737176}.Debug|arm64.Deploy.0 = Debug|arm64
		{F3A2D10C-9F57-4259-A600-765853737176}.Debug|x64.ActiveCfg = Debug|x64
		{F3A2D10C-9F57-4259-A600-765853737176}.Debug|x64.Build.0 = Debug|x64
		{F3A2D10C-9F57-4259-A600-765853737176}.Debug|x64.Deploy.0 = Debug|x64
		{F3A2D10C-9F57-4259-A600-765853737176}.Debug|x86.ActiveCfg = Debug|x86
		{F3A2D10C-9F57-4259-A600-765853737176}.Debug|x86.Build.0 = Debug|x86
		{F3A2D10C-9F57-4259-A600-765853737176}.Debug|x86.Deploy.0 = Debug|x86
		{F3A2D10C-9F57-4259-A600-765853737176}.Release|Any CPU.ActiveCfg = Release|x64
		{F3A2D10C-9F57-4259-A600-765853737176}.Release|Any CPU.Build.0 = Release|x64
		{F3A2D10C-9F57-4259-A600-765853737176}.Release|Any CPU.Deploy.0 = Release|x64
		{F3A2D10C-9F57-4259-A600-765853737176}.Release|arm64.ActiveCfg = Release|arm64
		{F3A2D10C-9F57-4259-A600-765853737176}.Release|arm64.Build.0 = Release|arm64
		{F3A2D10C-9F57-4259-A600-765853737176}.Release|arm64.Deploy.0 = Release|arm64
		{F3A2D10C-9F57-4259-A600-765853737176}.Release|x64.ActiveCfg = Release|x64
		{F3A2D10C-9F57-4259-A600-765853737176}.Release|x64.Build.0 = Release|x64
		{F3A2D10C-9F57-4259-A600-765853737176}.Release|x64.Deploy.0 = Release|x64
		{F3A2D10C-9F57-4259-A600-765853737176}.Release|x86.ActiveCfg = Release|x86
		{F3A2D10C-9F57-4259-A600-765853737176}.Release|x86.Build.0 = Release|x86
		{F3A2D10C-9F57-4259-A600-765853737176}.Release|x86.Deploy.0 = Release|x86
		{ADEE798F-8304-4A7E-9638-9EA1BA2DC2D2}.Debug|Any CPU.ActiveCfg = Debug|Any CPU
		{ADEE798F-8304-4A7E-9638-9EA1BA2DC2D2}.Debug|Any CPU.Build.0 = Debug|Any CPU
		{ADEE798F-8304-4A7E-9638-9EA1BA2DC2D2}.Debug|arm64.ActiveCfg = Debug|Any CPU
		{ADEE798F-8304-4A7E-9638-9EA1BA2DC2D2}.Debug|arm64.Build.0 = Debug|Any CPU
		{ADEE798F-8304-4A7E-9638-9EA1BA2DC2D2}.Debug|x64.ActiveCfg = Debug|Any CPU
		{ADEE798F-8304-4A7E-9638-9EA1BA2DC2D2}.Debug|x64.Build.0 = Debug|Any CPU
		{ADEE798F-8304-4A7E-9638-9EA1BA2DC2D2}.Debug|x86.ActiveCfg = Debug|Any CPU
		{ADEE798F-8304-4A7E-9638-9EA1BA2DC2D2}.Debug|x86.Build.0 = Debug|Any CPU
		{ADEE798F-8304-4A7E-9638-9EA1BA2DC2D2}.Release|Any CPU.ActiveCfg = Release|Any CPU
		{ADEE798F-8304-4A7E-9638-9EA1BA2DC2D2}.Release|Any CPU.Build.0 = Release|Any CPU
		{ADEE798F-8304-4A7E-9638-9EA1BA2DC2D2}.Release|arm64.ActiveCfg = Release|Any CPU
		{ADEE798F-8304-4A7E-9638-9EA1BA2DC2D2}.Release|arm64.Build.0 = Release|Any CPU
		{ADEE798F-8304-4A7E-9638-9EA1BA2DC2D2}.Release|x64.ActiveCfg = Release|Any CPU
		{ADEE798F-8304-4A7E-9638-9EA1BA2DC2D2}.Release|x64.Build.0 = Release|Any CPU
		{ADEE798F-8304-4A7E-9638-9EA1BA2DC2D2}.Release|x86.ActiveCfg = Release|Any CPU
		{ADEE798F-8304-4A7E-9638-9EA1BA2DC2D2}.Release|x86.Build.0 = Release|Any CPU
	EndGlobalSection
	GlobalSection(SolutionProperties) = preSolution
		HideSolutionNode = FALSE
	EndGlobalSection
	GlobalSection(NestedProjects) = preSolution
		{64C47674-F6AB-405B-A320-1294F91E9381} = {C34101ED-611E-42C9-BD89-8C4661D0EC0D}
		{972682D1-649B-44B9-BFDF-84D0BB022675} = {C34101ED-611E-42C9-BD89-8C4661D0EC0D}
		{0B6A0CF9-4EED-4951-88AE-2430B2BF3797} = {64C47674-F6AB-405B-A320-1294F91E9381}
		{B362D9D6-7EEF-418C-BB21-DBBD30C61450} = {64C47674-F6AB-405B-A320-1294F91E9381}
		{F3A2D10C-9F57-4259-A600-765853737176} = {64C47674-F6AB-405B-A320-1294F91E9381}
		{ADEE798F-8304-4A7E-9638-9EA1BA2DC2D2} = {64C47674-F6AB-405B-A320-1294F91E9381}
	EndGlobalSection
	GlobalSection(ExtensibilityGlobals) = postSolution
		SolutionGuid = {6FD39C0B-06C4-4ECF-A3F4-6F91E68F7B52}
	EndGlobalSection
EndGlobal
